
Microsoft Visual Studio Solution File, Format Version 12.00
# Visual Studio Version 16
VisualStudioVersion = 16.0.29519.87
MinimumVisualStudioVersion = 10.0.40219.1
Project("{FAE04EC0-301F-11D3-BF4B-00C04F79EFBC}") = "TechnicalTest", "TechnicalTest\TechnicalTest.csproj", "{C5EC53F0-5DFC-4007-B177-55F6C6135923}"
EndProject
Global
	GlobalSection(SolutionConfigurationPlatforms) = preSolution
		Debug|Any CPU = Debug|Any CPU
		Release|Any CPU = Release|Any CPU
	EndGlobalSection
	GlobalSection(ProjectConfigurationPlatforms) = postSolution
		{C5EC53F0-5DFC-4007-B177-55F6C6135923}.Debug|Any CPU.ActiveCfg = Debug|Any CPU
		{C5EC53F0-5DFC-4007-B177-55F6C6135923}.Debug|Any CPU.Build.0 = Debug|Any CPU
		{C5EC53F0-5DFC-4007-B177-55F6C6135923}.Release|Any CPU.ActiveCfg = Release|Any CPU
		{C5EC53F0-5DFC-4007-B177-55F6C6135923}.Release|Any CPU.Build.0 = Release|Any CPU
	EndGlobalSection
	GlobalSection(SolutionProperties) = preSolution
		HideSolutionNode = FALSE
	EndGlobalSection
	GlobalSection(ExtensibilityGlobals) = postSolution
		SolutionGuid = {B5D7E729-59FC-49D1-9A6B-5FE1B786EB78}
	EndGlobalSection
EndGlobal
